
Microsoft Visual Studio Solution File, Format Version 12.00
# Visual Studio Version 16
VisualStudioVersion = 16.0.30104.148
MinimumVisualStudioVersion = 10.0.40219.1
Project("{FAE04EC0-301F-11D3-BF4B-00C04F79EFBC}") = "MvcCrudwithAPI", "MvcCrudwithAPI\MvcCrudwithAPI.csproj", "{50615801-E2BC-49F6-AA67-4804D31738D5}"
EndProject
Global
	GlobalSection(SolutionConfigurationPlatforms) = preSolution
		Debug|Any CPU = Debug|Any CPU
		Release|Any CPU = Release|Any CPU
	EndGlobalSection
	GlobalSection(ProjectConfigurationPlatforms) = postSolution
		{50615801-E2BC-49F6-AA67-4804D31738D5}.Debug|Any CPU.ActiveCfg = Debug|Any CPU
		{50615801-E2BC-49F6-AA67-4804D31738D5}.Debug|Any CPU.Build.0 = Debug|Any CPU
		{50615801-E2BC-49F6-AA67-4804D31738D5}.Release|Any CPU.ActiveCfg = Release|Any CPU
		{50615801-E2BC-49F6-AA67-4804D31738D5}.Release|Any CPU.Build.0 = Release|Any CPU
	EndGlobalSection
	GlobalSection(SolutionProperties) = preSolution
		HideSolutionNode = FALSE
	EndGlobalSection
	GlobalSection(ExtensibilityGlobals) = postSolution
		SolutionGuid = {12980DCC-5B4C-4310-852C-F4DAD82D6A03}
	EndGlobalSection
EndGlobal
